
Microsoft Visual Studio Solution File, Format Version 12.00
# Visual Studio 2015
Project("{FAE04EC0-301F-11D3-BF4B-00C04F79EFBC}") = "Comic-Editor.CSharp", "Comic-Editor.CSharp.csproj", "{9F2D61FE-27C1-B90E-712D-C9CD00A797A4}"
EndProject
Global
	GlobalSection(SolutionConfigurationPlatforms) = preSolution
		Debug|Any CPU = Debug|Any CPU
		Release|Any CPU = Release|Any CPU
	EndGlobalSection
	GlobalSection(ProjectConfigurationPlatforms) = postSolution
		{9F2D61FE-27C1-B90E-712D-C9CD00A797A4}.Debug|Any CPU.ActiveCfg = Debug|Any CPU
		{9F2D61FE-27C1-B90E-712D-C9CD00A797A4}.Debug|Any CPU.Build.0 = Debug|Any CPU
		{9F2D61FE-27C1-B90E-712D-C9CD00A797A4}.Release|Any CPU.ActiveCfg = Release|Any CPU
		{9F2D61FE-27C1-B90E-712D-C9CD00A797A4}.Release|Any CPU.Build.0 = Release|Any CPU
	EndGlobalSection
	GlobalSection(SolutionProperties) = preSolution
		HideSolutionNode = FALSE
	EndGlobalSection
EndGlobal
